dependencies:
  espressif/mdns:
    component_hash: b5b30022c46302eab89c1d2e3b6fb5918a627563a7462f0ee284b22b9a934967
    dependencies:
    - name: idf
      require: private
      version: '>=5.0'
    source:
      registry_url: https://components.espressif.com/
      type: service
    version: 1.14.0
  idf:
    source:
      type: idf
    version: 5.5.4
direct_dependencies:
- espressif/mdns
- idf
manifest_hash: 5aef57c7ed648c1ee101dedbda116a932ec3204fa0f8d27323a18a95bbb846b0
target: esp32
version: 2.0.0
